// !$*UTF8*$!
{
	archiveVersion = 1;
	classes = {
	};
	objectVersion = 46;
	objects = {

/* Begin PBXBuildFile section */
		4E1A75071EC56D2000B80CD0 /* LanguageVC.swift in Sources */ = {isa = PBXBuildFile; fileRef = 4E1A75061EC56D2000B80CD0 /* LanguageVC.swift */; };
		4E3D09251EB32B9E00303AAD /* CoreImage.framework in Frameworks */ = {isa = PBXBuildFile; fileRef = 4E3D09241EB32B9E00303AAD /* CoreImage.framework */; };
		4E41F2231EDC0F7C001F3CFE /* HeaderWithTitle.swift in Sources */ = {isa = PBXBuildFile; fileRef = 4E41F2221EDC0F7C001F3CFE /* HeaderWithTitle.swift */; };
		4E4DD6C31EB0A0C5001B4936 /* AppDelegate.swift in Sources */ = {isa = PBXBuildFile; fileRef = 4E4DD6C21EB0A0C5001B4936 /* AppDelegate.swift */; };
		4E4DD6C51EB0A0C5001B4936 /* ViewController.swift in Sources */ = {isa = PBXBuildFile; fileRef = 4E4DD6C41EB0A0C5001B4936 /* ViewController.swift */; };
		4E4DD6C81EB0A0C5001B4936 /* Main.storyboard in Resources */ = {isa = PBXBuildFile; fileRef = 4E4DD6C61EB0A0C5001B4936 /* Main.storyboard */; };
		4E4DD6CA1EB0A0C5001B4936 /* Assets.xcassets in Resources */ = {isa = PBXBuildFile; fileRef = 4E4DD6C91EB0A0C5001B4936 /* Assets.xcassets */; };
		4E4DD6CD1EB0A0C5001B4936 /* LaunchScreen.storyboard in Resources */ = {isa = PBXBuildFile; fileRef = 4E4DD6CB1EB0A0C5001B4936 /* LaunchScreen.storyboard */; };
		4E4DD6E51EB0A838001B4936 /* Icon.swift in Sources */ = {isa = PBXBuildFile; fileRef = 4E4DD6E41EB0A838001B4936 /* Icon.swift */; };
		4E4E358B1ED7D42C00D13EF5 /* AboutUsVC.swift in Sources */ = {isa = PBXBuildFile; fileRef = 4E4E358A1ED7D42C00D13EF5 /* AboutUsVC.swift */; };
		4E4E358D1ED7E02100D13EF5 /* TermsVC.swift in Sources */ = {isa = PBXBuildFile; fileRef = 4E4E358C1ED7E02100D13EF5 /* TermsVC.swift */; };
		4E4E358F1ED7E0C800D13EF5 /* ContactVC.swift in Sources */ = {isa = PBXBuildFile; fileRef = 4E4E358E1ED7E0C800D13EF5 /* ContactVC.swift */; };
		4E54F58E1EC95C7A007D15D6 /* TaskManagementVC.swift in Sources */ = {isa = PBXBuildFile; fileRef = 4E54F58D1EC95C7A007D15D6 /* TaskManagementVC.swift */; };
		4E54F5901EC9811B007D15D6 /* TaskCell.swift in Sources */ = {isa = PBXBuildFile; fileRef = 4E54F58F1EC9811B007D15D6 /* TaskCell.swift */; };
		4E54F5951EC9A6AC007D15D6 /* TaskControlCell.swift in Sources */ = {isa = PBXBuildFile; fileRef = 4E54F5941EC9A6AC007D15D6 /* TaskControlCell.swift */; };
		4E54F5971EC9A6EE007D15D6 /* TaskNewCell.swift in Sources */ = {isa = PBXBuildFile; fileRef = 4E54F5961EC9A6EE007D15D6 /* TaskNewCell.swift */; };
		4E54F5991EC9A723007D15D6 /* TaskNewControlCell.swift in Sources */ = {isa = PBXBuildFile; fileRef = 4E54F5981EC9A723007D15D6 /* TaskNewControlCell.swift */; };
		4E54F59B1EC9A751007D15D6 /* TaskAssignedControlCell.swift in Sources */ = {isa = PBXBuildFile; fileRef = 4E54F59A1EC9A751007D15D6 /* TaskAssignedControlCell.swift */; };
		4E54F59D1EC9A832007D15D6 /* TaskInProgressControlCell.swift in Sources */ = {isa = PBXBuildFile; fileRef = 4E54F59C1EC9A832007D15D6 /* TaskInProgressControlCell.swift */; };
		4E54F59F1EC9B173007D15D6 /* PostVC.swift in Sources */ = {isa = PBXBuildFile; fileRef = 4E54F59E1EC9B173007D15D6 /* PostVC.swift */; };
		4E5B162E1ECD943A00A5FC23 /* MarkerInfoWindow.swift in Sources */ = {isa = PBXBuildFile; fileRef = 4E5B162D1ECD943A00A5FC23 /* MarkerInfoWindow.swift */; };
		4E61E3D51EC1A30B00E6C8C5 /* MoreVC.swift in Sources */ = {isa = PBXBuildFile; fileRef = 4E61E3D41EC1A30B00E6C8C5 /* MoreVC.swift */; };
		4E61E3DA1EC1A31C00E6C8C5 /* ForgotPassVC.swift in Sources */ = {isa = PBXBuildFile; fileRef = 4E61E3D61EC1A31C00E6C8C5 /* ForgotPassVC.swift */; };
		4E61E3DB1EC1A31C00E6C8C5 /* SignInVC.swift in Sources */ = {isa = PBXBuildFile; fileRef = 4E61E3D71EC1A31C00E6C8C5 /* SignInVC.swift */; };
		4E61E3DC1EC1A31C00E6C8C5 /* SignUpVC_1.swift in Sources */ = {isa = PBXBuildFile; fileRef = 4E61E3D81EC1A31C00E6C8C5 /* SignUpVC_1.swift */; };
		4E61E3DD1EC1A31C00E6C8C5 /* SignUpVC_2.swift in Sources */ = {isa = PBXBuildFile; fileRef = 4E61E3D91EC1A31C00E6C8C5 /* SignUpVC_2.swift */; };
		4E61E3E01EC1A33800E6C8C5 /* MaidAroundVC.swift in Sources */ = {isa = PBXBuildFile; fileRef = 4E61E3DE1EC1A33800E6C8C5 /* MaidAroundVC.swift */; };
		4E61E3E11EC1A33800E6C8C5 /* MaidProfileVC.swift in Sources */ = {isa = PBXBuildFile; fileRef = 4E61E3DF1EC1A33800E6C8C5 /* MaidProfileVC.swift */; };
		4E87A54C1EBB64F100EDA0D1 /* IconView.swift in Sources */ = {isa = PBXBuildFile; fileRef = 4E87A54B1EBB64F100EDA0D1 /* IconView.swift */; };
		4E8E8F9F1EB1E9D90030B334 /* IoniconsSwift.framework in Frameworks */ = {isa = PBXBuildFile; fileRef = 4E8E8F9C1EB1E9D90030B334 /* IoniconsSwift.framework */; };
		4EA7A8381EBAC8DA00CA7F37 /* BaseCell.swift in Sources */ = {isa = PBXBuildFile; fileRef = 4EA7A8371EBAC8DA00CA7F37 /* BaseCell.swift */; };
		4EA7A83E1EBACF6F00CA7F37 /* MoreUserCell.swift in Sources */ = {isa = PBXBuildFile; fileRef = 4EA7A83D1EBACF6F00CA7F37 /* MoreUserCell.swift */; };
		4EA7A8401EBAD5D000CA7F37 /* BaseHeaderView.swift in Sources */ = {isa = PBXBuildFile; fileRef = 4EA7A83F1EBAD5D000CA7F37 /* BaseHeaderView.swift */; };
		4EA7A8421EBAD88000CA7F37 /* MoreItemCell.swift in Sources */ = {isa = PBXBuildFile; fileRef = 4EA7A8411EBAD88000CA7F37 /* MoreItemCell.swift */; };
		4EA7A8441EBB1E6600CA7F37 /* BasicButton.swift in Sources */ = {isa = PBXBuildFile; fileRef = 4EA7A8431EBB1E6600CA7F37 /* BasicButton.swift */; };
		4EAA97241ECAD99E0001FEB6 /* HistoryVC.swift in Sources */ = {isa = PBXBuildFile; fileRef = 4EAA97231ECAD99E0001FEB6 /* HistoryVC.swift */; };
		4EAA97271ECADED80001FEB6 /* MaidControlCell.swift in Sources */ = {isa = PBXBuildFile; fileRef = 4EAA97261ECADED80001FEB6 /* MaidControlCell.swift */; };
		4EAA97291ECADEF90001FEB6 /* TaskHistoryControlCell.swift in Sources */ = {isa = PBXBuildFile; fileRef = 4EAA97281ECADEF90001FEB6 /* TaskHistoryControlCell.swift */; };
		4EBF04B21ED28FFF00F7E08B /* User.swift in Sources */ = {isa = PBXBuildFile; fileRef = 4EBF04B11ED28FFF00F7E08B /* User.swift */; };
		4EBF04B41ED2925200F7E08B /* WorkInfo.swift in Sources */ = {isa = PBXBuildFile; fileRef = 4EBF04B31ED2925200F7E08B /* WorkInfo.swift */; };
		4EBF04B61ED292F100F7E08B /* Address.swift in Sources */ = {isa = PBXBuildFile; fileRef = 4EBF04B51ED292F100F7E08B /* Address.swift */; };
		4EBF04B81ED29D0C00F7E08B /* UserHelpers.swift in Sources */ = {isa = PBXBuildFile; fileRef = 4EBF04B71ED29D0C00F7E08B /* UserHelpers.swift */; };
		4EBF04BA1ED2BB7500F7E08B /* UserService.swift in Sources */ = {isa = PBXBuildFile; fileRef = 4EBF04B91ED2BB7500F7E08B /* UserService.swift */; };
		4EBF04BC1ED2C5A400F7E08B /* Entity.swift in Sources */ = {isa = PBXBuildFile; fileRef = 4EBF04BB1ED2C5A400F7E08B /* Entity.swift */; };
		4ECD1D3A1EB18743007DEF88 /* Font.swift in Sources */ = {isa = PBXBuildFile; fileRef = 4ECD1D391EB18743007DEF88 /* Font.swift */; };
		4ECD1D3B1EB19314007DEF88 /* SFUIText-Bold.ttf in Resources */ = {isa = PBXBuildFile; fileRef = 4E4DD6D81EB0A76B001B4936 /* SFUIText-Bold.ttf */; };
		4ECD1D3C1EB19314007DEF88 /* SFUIText-BoldItalic.ttf in Resources */ = {isa = PBXBuildFile; fileRef = 4E4DD6D91EB0A76B001B4936 /* SFUIText-BoldItalic.ttf */; };
		4ECD1D3D1EB19314007DEF88 /* SFUIText-Heavy.ttf in Resources */ = {isa = PBXBuildFile; fileRef = 4E4DD6DA1EB0A76B001B4936 /* SFUIText-Heavy.ttf */; };
		4ECD1D3E1EB19314007DEF88 /* SFUIText-HeavyItalic.ttf in Resources */ = {isa = PBXBuildFile; fileRef = 4E4DD6DB1EB0A76B001B4936 /* SFUIText-HeavyItalic.ttf */; };
		4ECD1D3F1EB19314007DEF88 /* SFUIText-Light.ttf in Resources */ = {isa = PBXBuildFile; fileRef = 4E4DD6DC1EB0A76B001B4936 /* SFUIText-Light.ttf */; };
		4ECD1D401EB19314007DEF88 /* SFUIText-LightItalic.ttf in Resources */ = {isa = PBXBuildFile; fileRef = 4E4DD6DD1EB0A76B001B4936 /* SFUIText-LightItalic.ttf */; };
		4ECD1D411EB19314007DEF88 /* SFUIText-Medium.ttf in Resources */ = {isa = PBXBuildFile; fileRef = 4E4DD6DE1EB0A76B001B4936 /* SFUIText-Medium.ttf */; };
		4ECD1D421EB19314007DEF88 /* SFUIText-MediumItalic.ttf in Resources */ = {isa = PBXBuildFile; fileRef = 4E4DD6DF1EB0A76B001B4936 /* SFUIText-MediumItalic.ttf */; };
		4ECD1D431EB19314007DEF88 /* SFUIText-Regular.ttf in Resources */ = {isa = PBXBuildFile; fileRef = 4E4DD6E01EB0A76B001B4936 /* SFUIText-Regular.ttf */; };
		4ECD1D441EB19314007DEF88 /* SFUIText-RegularItalic.ttf in Resources */ = {isa = PBXBuildFile; fileRef = 4E4DD6E11EB0A76B001B4936 /* SFUIText-RegularItalic.ttf */; };
		4ECD1D451EB19314007DEF88 /* SFUIText-Semibold.ttf in Resources */ = {isa = PBXBuildFile; fileRef = 4E4DD6E21EB0A76B001B4936 /* SFUIText-Semibold.ttf */; };
		4ECD1D461EB19314007DEF88 /* SFUIText-SemiboldItalic.ttf in Resources */ = {isa = PBXBuildFile; fileRef = 4E4DD6E31EB0A76B001B4936 /* SFUIText-SemiboldItalic.ttf */; };
		4ECD1D481EB1986C007DEF88 /* LanguageManager.swift in Sources */ = {isa = PBXBuildFile; fileRef = 4ECD1D471EB1986C007DEF88 /* LanguageManager.swift */; };
		4ECD1D531EB19DE4007DEF88 /* Localizable.strings in Resources */ = {isa = PBXBuildFile; fileRef = 4ECD1D551EB19DE4007DEF88 /* Localizable.strings */; };
		4ECD1D5A1EB1AFF4007DEF88 /* ApiService.swift in Sources */ = {isa = PBXBuildFile; fileRef = 4ECD1D591EB1AFF4007DEF88 /* ApiService.swift */; };
		4ED2316D1EB9797B00592842 /* ViewExtensions.swift in Sources */ = {isa = PBXBuildFile; fileRef = 4ED2316C1EB9797B00592842 /* ViewExtensions.swift */; };
		4ED2316F1EB979AF00592842 /* Colors.swift in Sources */ = {isa = PBXBuildFile; fileRef = 4ED2316E1EB979AF00592842 /* Colors.swift */; };
		4ED231711EB97D4100592842 /* StringExtensions.swift in Sources */ = {isa = PBXBuildFile; fileRef = 4ED231701EB97D4100592842 /* StringExtensions.swift */; };
		4ED231731EB9803400592842 /* ImageExtensions.swift in Sources */ = {isa = PBXBuildFile; fileRef = 4ED231721EB9803400592842 /* ImageExtensions.swift */; };
		4ED231751EB980D000592842 /* BaseVC.swift in Sources */ = {isa = PBXBuildFile; fileRef = 4ED231741EB980D000592842 /* BaseVC.swift */; };
		4ED2317A1EB98D6300592842 /* NavigationButton.swift in Sources */ = {isa = PBXBuildFile; fileRef = 4ED231791EB98D6300592842 /* NavigationButton.swift */; };
		4ED2317C1EB98FAC00592842 /* BaseButton.swift in Sources */ = {isa = PBXBuildFile; fileRef = 4ED2317B1EB98FAC00592842 /* BaseButton.swift */; };
		4ED2317E1EB9B15E00592842 /* HomeVC.swift in Sources */ = {isa = PBXBuildFile; fileRef = 4ED2317D1EB9B15E00592842 /* HomeVC.swift */; };
		4ED231801EB9BF8F00592842 /* HomeFunctButton.swift in Sources */ = {isa = PBXBuildFile; fileRef = 4ED2317F1EB9BF8F00592842 /* HomeFunctButton.swift */; };
		4ED231831EB9CEFD00592842 /* HomeBottomView.swift in Sources */ = {isa = PBXBuildFile; fileRef = 4ED231821EB9CEFD00592842 /* HomeBottomView.swift */; };
		4EDDB4681ECED8A900AFFD1A /* FilterVC.swift in Sources */ = {isa = PBXBuildFile; fileRef = 4EDDB4671ECED8A900AFFD1A /* FilterVC.swift */; };
		4EE483DC1ED6CB88004BC615 /* SwitchCell.swift in Sources */ = {isa = PBXBuildFile; fileRef = 4EE483DB1ED6CB88004BC615 /* SwitchCell.swift */; };
		4EE483DE1ED6DF10004BC615 /* ProfileVC.swift in Sources */ = {isa = PBXBuildFile; fileRef = 4EE483DD1ED6DF10004BC615 /* ProfileVC.swift */; };
		4EE483E01ED6E94D004BC615 /* GeneralStatisticVC.swift in Sources */ = {isa = PBXBuildFile; fileRef = 4EE483DF1ED6E94D004BC615 /* GeneralStatisticVC.swift */; };
		71C0FCB96E162AFAC6F40C6E /* Pods_gv24App.framework in Frameworks */ = {isa = PBXBuildFile; fileRef = 4B8412861DBAF8464BF1BB89 /* Pods_gv24App.framework */; };
/* End PBXBuildFile section */

/* Begin PBXFileReference section */
		033D169F1ED41D8300EAD7CE /* IconTextButton.swift */ = {isa = PBXFileReference; fileEncoding = 4; lastKnownFileType = sourcecode.swift; path = IconTextButton.swift; sourceTree = "<group>"; };
		033D16A11ED43AB800EAD7CE /* ApplicantListButton.swift */ = {isa = PBXFileReference; fileEncoding = 4; lastKnownFileType = sourcecode.swift; path = ApplicantListButton.swift; sourceTree = "<group>"; };
		033D16A31ED4414500EAD7CE /* DescTaskView.swift */ = {isa = PBXFileReference; fileEncoding = 4; lastKnownFileType = sourcecode.swift; path = DescTaskView.swift; sourceTree = "<group>"; };
		034CE85C1ED7E99F00F90516 /* JobProgressDetailVC.swift */ = {isa = PBXFileReference; fileEncoding = 4; lastKnownFileType = sourcecode.swift; path = JobProgressDetailVC.swift; sourceTree = "<group>"; };
		03892FBC1ED834D6009369FD /* JobPostedDetailVC.swift */ = {isa = PBXFileReference; fileEncoding = 4; lastKnownFileType = sourcecode.swift; path = JobPostedDetailVC.swift; sourceTree = "<group>"; };
		039899291EDC0686009520E0 /* TaskManageService.swift */ = {isa = PBXFileReference; fileEncoding = 4; lastKnownFileType = sourcecode.swift; path = TaskManageService.swift; sourceTree = "<group>"; };
		0398992B1EDC071A009520E0 /* BlockAlias.swift */ = {isa = PBXFileReference; fileEncoding = 4; lastKnownFileType = sourcecode.swift; path = BlockAlias.swift; sourceTree = "<group>"; };
		03BBE29A1ED83948005B47B0 /* AppDelegate.swift */ = {isa = PBXFileReference; fileEncoding = 4; lastKnownFileType = sourcecode.swift; path = AppDelegate.swift; sourceTree = "<group>"; };
		03BBE29C1ED83975005B47B0 /* SignUpVC_3.swift */ = {isa = PBXFileReference; fileEncoding = 4; lastKnownFileType = sourcecode.swift; path = SignUpVC_3.swift; sourceTree = "<group>"; };
		03C122F91EDBDDAC002C78D9 /* Task.swift */ = {isa = PBXFileReference; fileEncoding = 4; lastKnownFileType = sourcecode.swift; path = Task.swift; sourceTree = "<group>"; };
		03D71CBF1ED7C83D006E78EF /* ProfileUserButton.swift */ = {isa = PBXFileReference; fileEncoding = 4; lastKnownFileType = sourcecode.swift; path = ProfileUserButton.swift; sourceTree = "<group>"; };
		03D71CC11ED7D076006E78EF /* JobAssignedDetailVC.swift */ = {isa = PBXFileReference; fileEncoding = 4; lastKnownFileType = sourcecode.swift; path = JobAssignedDetailVC.swift; sourceTree = "<group>"; };
		03D96E271ED68B0300770663 /* DescInfoView.swift */ = {isa = PBXFileReference; fileEncoding = 4; lastKnownFileType = sourcecode.swift; path = DescInfoView.swift; sourceTree = "<group>"; };
		03D96E2B1ED6DF3A00770663 /* DateTimeView.swift */ = {isa = PBXFileReference; fileEncoding = 4; lastKnownFileType = sourcecode.swift; path = DateTimeView.swift; sourceTree = "<group>"; };
		4B8412861DBAF8464BF1BB89 /* Pods_gv24App.framework */ = {isa = PBXFileReference; explicitFileType = wrapper.framework; includeInIndex = 0; path = Pods_gv24App.framework; sourceTree = BUILT_PRODUCTS_DIR; };
		4E1A75061EC56D2000B80CD0 /* LanguageVC.swift */ = {isa = PBXFileReference; fileEncoding = 4; lastKnownFileType = sourcecode.swift; path = LanguageVC.swift; sourceTree = "<group>"; };
		4E3D09241EB32B9E00303AAD /* CoreImage.framework */ = {isa = PBXFileReference; lastKnownFileType = wrapper.framework; name = CoreImage.framework; path = System/Library/Frameworks/CoreImage.framework; sourceTree = SDKROOT; };
		4E41F2221EDC0F7C001F3CFE /* HeaderWithTitle.swift */ = {isa = PBXFileReference; fileEncoding = 4; lastKnownFileType = sourcecode.swift; path = HeaderWithTitle.swift; sourceTree = "<group>"; };
		4E4DD6BF1EB0A0C5001B4936 /* gv24App.app */ = {isa = PBXFileReference; explicitFileType = wrapper.application; includeInIndex = 0; path = gv24App.app; sourceTree = BUILT_PRODUCTS_DIR; };
		4E4DD6C41EB0A0C5001B4936 /* ViewController.swift */ = {isa = PBXFileReference; lastKnownFileType = sourcecode.swift; path = ViewController.swift; sourceTree = "<group>"; };
		4E4DD6C71EB0A0C5001B4936 /* Base */ = {isa = PBXFileReference; lastKnownFileType = file.storyboard; name = Base; path = Base.lproj/Main.storyboard; sourceTree = "<group>"; };
		4E4DD6C91EB0A0C5001B4936 /* Assets.xcassets */ = {isa = PBXFileReference; lastKnownFileType = folder.assetcatalog; path = Assets.xcassets; sourceTree = "<group>"; };
		4E4DD6CC1EB0A0C5001B4936 /* Base */ = {isa = PBXFileReference; lastKnownFileType = file.storyboard; name = Base; path = Base.lproj/LaunchScreen.storyboard; sourceTree = "<group>"; };
		4E4DD6CE1EB0A0C5001B4936 /* Info.plist */ = {isa = PBXFileReference; lastKnownFileType = text.plist.xml; path = Info.plist; sourceTree = "<group>"; };
		4E4DD6D81EB0A76B001B4936 /* SFUIText-Bold.ttf */ = {isa = PBXFileReference; lastKnownFileType = file; path = "SFUIText-Bold.ttf"; sourceTree = "<group>"; };
		4E4DD6D91EB0A76B001B4936 /* SFUIText-BoldItalic.ttf */ = {isa = PBXFileReference; lastKnownFileType = file; path = "SFUIText-BoldItalic.ttf"; sourceTree = "<group>"; };
		4E4DD6DA1EB0A76B001B4936 /* SFUIText-Heavy.ttf */ = {isa = PBXFileReference; lastKnownFileType = file; path = "SFUIText-Heavy.ttf"; sourceTree = "<group>"; };
		4E4DD6DB1EB0A76B001B4936 /* SFUIText-HeavyItalic.ttf */ = {isa = PBXFileReference; lastKnownFileType = file; path = "SFUIText-HeavyItalic.ttf"; sourceTree = "<group>"; };
		4E4DD6DC1EB0A76B001B4936 /* SFUIText-Light.ttf */ = {isa = PBXFileReference; lastKnownFileType = file; path = "SFUIText-Light.ttf"; sourceTree = "<group>"; };
		4E4DD6DD1EB0A76B001B4936 /* SFUIText-LightItalic.ttf */ = {isa = PBXFileReference; lastKnownFileType = file; path = "SFUIText-LightItalic.ttf"; sourceTree = "<group>"; };
		4E4DD6DE1EB0A76B001B4936 /* SFUIText-Medium.ttf */ = {isa = PBXFileReference; lastKnownFileType = file; path = "SFUIText-Medium.ttf"; sourceTree = "<group>"; };
		4E4DD6DF1EB0A76B001B4936 /* SFUIText-MediumItalic.ttf */ = {isa = PBXFileReference; lastKnownFileType = file; path = "SFUIText-MediumItalic.ttf"; sourceTree = "<group>"; };
		4E4DD6E01EB0A76B001B4936 /* SFUIText-Regular.ttf */ = {isa = PBXFileReference; lastKnownFileType = file; path = "SFUIText-Regular.ttf"; sourceTree = "<group>"; };
		4E4DD6E11EB0A76B001B4936 /* SFUIText-RegularItalic.ttf */ = {isa = PBXFileReference; lastKnownFileType = file; path = "SFUIText-RegularItalic.ttf"; sourceTree = "<group>"; };
		4E4DD6E21EB0A76B001B4936 /* SFUIText-Semibold.ttf */ = {isa = PBXFileReference; lastKnownFileType = file; path = "SFUIText-Semibold.ttf"; sourceTree = "<group>"; };
		4E4DD6E31EB0A76B001B4936 /* SFUIText-SemiboldItalic.ttf */ = {isa = PBXFileReference; lastKnownFileType = file; path = "SFUIText-SemiboldItalic.ttf"; sourceTree = "<group>"; };
		4E4DD6E41EB0A838001B4936 /* Icon.swift */ = {isa = PBXFileReference; fileEncoding = 4; lastKnownFileType = sourcecode.swift; path = Icon.swift; sourceTree = "<group>"; };
		4E4E358A1ED7D42C00D13EF5 /* AboutUsVC.swift */ = {isa = PBXFileReference; fileEncoding = 4; lastKnownFileType = sourcecode.swift; path = AboutUsVC.swift; sourceTree = "<group>"; };
		4E4E358C1ED7E02100D13EF5 /* TermsVC.swift */ = {isa = PBXFileReference; fileEncoding = 4; lastKnownFileType = sourcecode.swift; path = TermsVC.swift; sourceTree = "<group>"; };
		4E4E358E1ED7E0C800D13EF5 /* ContactVC.swift */ = {isa = PBXFileReference; fileEncoding = 4; lastKnownFileType = sourcecode.swift; path = ContactVC.swift; sourceTree = "<group>"; };
		4E54F58D1EC95C7A007D15D6 /* TaskManagementVC.swift */ = {isa = PBXFileReference; fileEncoding = 4; lastKnownFileType = sourcecode.swift; path = TaskManagementVC.swift; sourceTree = "<group>"; };
		4E54F58F1EC9811B007D15D6 /* TaskCell.swift */ = {isa = PBXFileReference; fileEncoding = 4; lastKnownFileType = sourcecode.swift; name = TaskCell.swift; path = ../TaskCell.swift; sourceTree = "<group>"; };
		4E54F5941EC9A6AC007D15D6 /* TaskControlCell.swift */ = {isa = PBXFileReference; fileEncoding = 4; lastKnownFileType = sourcecode.swift; name = TaskControlCell.swift; path = TaskControll/TaskControlCell.swift; sourceTree = "<group>"; };
		4E54F5961EC9A6EE007D15D6 /* TaskNewCell.swift */ = {isa = PBXFileReference; fileEncoding = 4; lastKnownFileType = sourcecode.swift; path = TaskNewCell.swift; sourceTree = "<group>"; };
		4E54F5981EC9A723007D15D6 /* TaskNewControlCell.swift */ = {isa = PBXFileReference; fileEncoding = 4; lastKnownFileType = sourcecode.swift; path = TaskNewControlCell.swift; sourceTree = "<group>"; };
		4E54F59A1EC9A751007D15D6 /* TaskAssignedControlCell.swift */ = {isa = PBXFileReference; fileEncoding = 4; lastKnownFileType = sourcecode.swift; path = TaskAssignedControlCell.swift; sourceTree = "<group>"; };
		4E54F59C1EC9A832007D15D6 /* TaskInProgressControlCell.swift */ = {isa = PBXFileReference; fileEncoding = 4; lastKnownFileType = sourcecode.swift; path = TaskInProgressControlCell.swift; sourceTree = "<group>"; };
		4E54F59E1EC9B173007D15D6 /* PostVC.swift */ = {isa = PBXFileReference; fileEncoding = 4; lastKnownFileType = sourcecode.swift; path = PostVC.swift; sourceTree = "<group>"; };
		4E5B162D1ECD943A00A5FC23 /* MarkerInfoWindow.swift */ = {isa = PBXFileReference; fileEncoding = 4; lastKnownFileType = sourcecode.swift; path = MarkerInfoWindow.swift; sourceTree = "<group>"; };
		4E61E3D41EC1A30B00E6C8C5 /* MoreVC.swift */ = {isa = PBXFileReference; fileEncoding = 4; lastKnownFileType = sourcecode.swift; path = MoreVC.swift; sourceTree = "<group>"; };
		4E61E3D61EC1A31C00E6C8C5 /* ForgotPassVC.swift */ = {isa = PBXFileReference; fileEncoding = 4; lastKnownFileType = sourcecode.swift; path = ForgotPassVC.swift; sourceTree = "<group>"; };
		4E61E3D71EC1A31C00E6C8C5 /* SignInVC.swift */ = {isa = PBXFileReference; fileEncoding = 4; lastKnownFileType = sourcecode.swift; path = SignInVC.swift; sourceTree = "<group>"; };
		4E61E3D81EC1A31C00E6C8C5 /* SignUpVC_1.swift */ = {isa = PBXFileReference; fileEncoding = 4; lastKnownFileType = sourcecode.swift; path = SignUpVC_1.swift; sourceTree = "<group>"; };
		4E61E3D91EC1A31C00E6C8C5 /* SignUpVC_2.swift */ = {isa = PBXFileReference; fileEncoding = 4; lastKnownFileType = sourcecode.swift; path = SignUpVC_2.swift; sourceTree = "<group>"; };
		4E61E3DE1EC1A33800E6C8C5 /* MaidAroundVC.swift */ = {isa = PBXFileReference; fileEncoding = 4; lastKnownFileType = sourcecode.swift; path = MaidAroundVC.swift; sourceTree = "<group>"; };
		4E61E3DF1EC1A33800E6C8C5 /* MaidProfileVC.swift */ = {isa = PBXFileReference; fileEncoding = 4; lastKnownFileType = sourcecode.swift; name = MaidProfileVC.swift; path = ../Around/MaidProfileVC.swift; sourceTree = "<group>"; };
		4E87A54B1EBB64F100EDA0D1 /* IconView.swift */ = {isa = PBXFileReference; fileEncoding = 4; lastKnownFileType = sourcecode.swift; path = IconView.swift; sourceTree = "<group>"; };
		4E8E8F9B1EB1E9D90030B334 /* Alamofire.framework */ = {isa = PBXFileReference; lastKnownFileType = wrapper.framework; name = Alamofire.framework; path = "../../../../Library/Developer/Xcode/DerivedData/gv24App-fmxaufovrxqrhkauwtqmyzjygxeh/Build/Products/Debug-iphonesimulator/Alamofire/Alamofire.framework"; sourceTree = "<group>"; };
		4E8E8F9C1EB1E9D90030B334 /* IoniconsSwift.framework */ = {isa = PBXFileReference; lastKnownFileType = wrapper.framework; name = IoniconsSwift.framework; path = "../../../../Library/Developer/Xcode/DerivedData/gv24App-fmxaufovrxqrhkauwtqmyzjygxeh/Build/Products/Debug-iphonesimulator/IoniconsSwift/IoniconsSwift.framework"; sourceTree = "<group>"; };
		4E8E8F9D1EB1E9D90030B334 /* SwiftyJSON.framework */ = {isa = PBXFileReference; lastKnownFileType = wrapper.framework; name = SwiftyJSON.framework; path = "../../../../Library/Developer/Xcode/DerivedData/gv24App-fmxaufovrxqrhkauwtqmyzjygxeh/Build/Products/Debug-iphonesimulator/SwiftyJSON/SwiftyJSON.framework"; sourceTree = "<group>"; };
		4EA7A8371EBAC8DA00CA7F37 /* BaseCell.swift */ = {isa = PBXFileReference; fileEncoding = 4; lastKnownFileType = sourcecode.swift; path = BaseCell.swift; sourceTree = "<group>"; };
		4EA7A83D1EBACF6F00CA7F37 /* MoreUserCell.swift */ = {isa = PBXFileReference; fileEncoding = 4; lastKnownFileType = sourcecode.swift; path = MoreUserCell.swift; sourceTree = "<group>"; };
		4EA7A83F1EBAD5D000CA7F37 /* BaseHeaderView.swift */ = {isa = PBXFileReference; fileEncoding = 4; lastKnownFileType = sourcecode.swift; name = BaseHeaderView.swift; path = ../BaseHeaderView.swift; sourceTree = "<group>"; };
		4EA7A8411EBAD88000CA7F37 /* MoreItemCell.swift */ = {isa = PBXFileReference; fileEncoding = 4; lastKnownFileType = sourcecode.swift; path = MoreItemCell.swift; sourceTree = "<group>"; };
		4EA7A8431EBB1E6600CA7F37 /* BasicButton.swift */ = {isa = PBXFileReference; fileEncoding = 4; lastKnownFileType = sourcecode.swift; path = BasicButton.swift; sourceTree = "<group>"; };
		4EAA97231ECAD99E0001FEB6 /* HistoryVC.swift */ = {isa = PBXFileReference; fileEncoding = 4; lastKnownFileType = sourcecode.swift; path = HistoryVC.swift; sourceTree = "<group>"; };
		4EAA97261ECADED80001FEB6 /* MaidControlCell.swift */ = {isa = PBXFileReference; fileEncoding = 4; lastKnownFileType = sourcecode.swift; path = MaidControlCell.swift; sourceTree = "<group>"; };
		4EAA97281ECADEF90001FEB6 /* TaskHistoryControlCell.swift */ = {isa = PBXFileReference; fileEncoding = 4; lastKnownFileType = sourcecode.swift; path = TaskHistoryControlCell.swift; sourceTree = "<group>"; };
		4EBF04B11ED28FFF00F7E08B /* User.swift */ = {isa = PBXFileReference; fileEncoding = 4; lastKnownFileType = sourcecode.swift; path = User.swift; sourceTree = "<group>"; };
		4EBF04B31ED2925200F7E08B /* WorkInfo.swift */ = {isa = PBXFileReference; fileEncoding = 4; lastKnownFileType = sourcecode.swift; path = WorkInfo.swift; sourceTree = "<group>"; };
		4EBF04B51ED292F100F7E08B /* Address.swift */ = {isa = PBXFileReference; fileEncoding = 4; lastKnownFileType = sourcecode.swift; path = Address.swift; sourceTree = "<group>"; };
		4EBF04B71ED29D0C00F7E08B /* UserHelpers.swift */ = {isa = PBXFileReference; fileEncoding = 4; lastKnownFileType = sourcecode.swift; path = UserHelpers.swift; sourceTree = "<group>"; };
		4EBF04B91ED2BB7500F7E08B /* UserService.swift */ = {isa = PBXFileReference; fileEncoding = 4; lastKnownFileType = sourcecode.swift; path = UserService.swift; sourceTree = "<group>"; };
		4EBF04BB1ED2C5A400F7E08B /* Entity.swift */ = {isa = PBXFileReference; fileEncoding = 4; lastKnownFileType = sourcecode.swift; path = Entity.swift; sourceTree = "<group>"; };
		4ECD1D391EB18743007DEF88 /* Font.swift */ = {isa = PBXFileReference; fileEncoding = 4; lastKnownFileType = sourcecode.swift; name = Font.swift; path = Fonts/Font.swift; sourceTree = "<group>"; };
		4ECD1D471EB1986C007DEF88 /* LanguageManager.swift */ = {isa = PBXFileReference; fileEncoding = 4; lastKnownFileType = sourcecode.swift; name = LanguageManager.swift; path = Fonts/LanguageManager.swift; sourceTree = "<group>"; };
		4ECD1D491EB19AC4007DEF88 /* vi */ = {isa = PBXFileReference; lastKnownFileType = text.plist.strings; name = vi; path = vi.lproj/Main.strings; sourceTree = "<group>"; };
		4ECD1D4A1EB19AC4007DEF88 /* vi */ = {isa = PBXFileReference; lastKnownFileType = text.plist.strings; name = vi; path = vi.lproj/LaunchScreen.strings; sourceTree = "<group>"; };
		4ECD1D541EB19DE4007DEF88 /* Base */ = {isa = PBXFileReference; lastKnownFileType = text.plist.strings; name = Base; path = Base.lproj/Localizable.strings; sourceTree = "<group>"; };
		4ECD1D561EB19DE6007DEF88 /* en */ = {isa = PBXFileReference; lastKnownFileType = text.plist.strings; name = en; path = en.lproj/Localizable.strings; sourceTree = "<group>"; };
		4ECD1D571EB19DE8007DEF88 /* vi */ = {isa = PBXFileReference; lastKnownFileType = text.plist.strings; name = vi; path = vi.lproj/Localizable.strings; sourceTree = "<group>"; };
		4ECD1D591EB1AFF4007DEF88 /* ApiService.swift */ = {isa = PBXFileReference; fileEncoding = 4; lastKnownFileType = sourcecode.swift; path = ApiService.swift; sourceTree = "<group>"; };
		4ED2316C1EB9797B00592842 /* ViewExtensions.swift */ = {isa = PBXFileReference; fileEncoding = 4; lastKnownFileType = sourcecode.swift; path = ViewExtensions.swift; sourceTree = "<group>"; };
		4ED2316E1EB979AF00592842 /* Colors.swift */ = {isa = PBXFileReference; fileEncoding = 4; lastKnownFileType = sourcecode.swift; path = Colors.swift; sourceTree = "<group>"; };
		4ED231701EB97D4100592842 /* StringExtensions.swift */ = {isa = PBXFileReference; fileEncoding = 4; lastKnownFileType = sourcecode.swift; path = StringExtensions.swift; sourceTree = "<group>"; };
		4ED231721EB9803400592842 /* ImageExtensions.swift */ = {isa = PBXFileReference; fileEncoding = 4; lastKnownFileType = sourcecode.swift; path = ImageExtensions.swift; sourceTree = "<group>"; };
		4ED231741EB980D000592842 /* BaseVC.swift */ = {isa = PBXFileReference; fileEncoding = 4; lastKnownFileType = sourcecode.swift; path = BaseVC.swift; sourceTree = "<group>"; };
		4ED231791EB98D6300592842 /* NavigationButton.swift */ = {isa = PBXFileReference; fileEncoding = 4; lastKnownFileType = sourcecode.swift; path = NavigationButton.swift; sourceTree = "<group>"; };
		4ED2317B1EB98FAC00592842 /* BaseButton.swift */ = {isa = PBXFileReference; fileEncoding = 4; lastKnownFileType = sourcecode.swift; path = BaseButton.swift; sourceTree = "<group>"; };
		4ED2317D1EB9B15E00592842 /* HomeVC.swift */ = {isa = PBXFileReference; fileEncoding = 4; lastKnownFileType = sourcecode.swift; path = HomeVC.swift; sourceTree = "<group>"; };
		4ED2317F1EB9BF8F00592842 /* HomeFunctButton.swift */ = {isa = PBXFileReference; fileEncoding = 4; lastKnownFileType = sourcecode.swift; path = HomeFunctButton.swift; sourceTree = "<group>"; };
		4ED231821EB9CEFD00592842 /* HomeBottomView.swift */ = {isa = PBXFileReference; fileEncoding = 4; lastKnownFileType = sourcecode.swift; path = HomeBottomView.swift; sourceTree = "<group>"; };
		4EDDB4671ECED8A900AFFD1A /* FilterVC.swift */ = {isa = PBXFileReference; fileEncoding = 4; lastKnownFileType = sourcecode.swift; path = FilterVC.swift; sourceTree = "<group>"; };
		4EE483DB1ED6CB88004BC615 /* SwitchCell.swift */ = {isa = PBXFileReference; fileEncoding = 4; lastKnownFileType = sourcecode.swift; path = SwitchCell.swift; sourceTree = "<group>"; };
		4EE483DD1ED6DF10004BC615 /* ProfileVC.swift */ = {isa = PBXFileReference; fileEncoding = 4; lastKnownFileType = sourcecode.swift; path = ProfileVC.swift; sourceTree = "<group>"; };
		4EE483DF1ED6E94D004BC615 /* GeneralStatisticVC.swift */ = {isa = PBXFileReference; fileEncoding = 4; lastKnownFileType = sourcecode.swift; path = GeneralStatisticVC.swift; sourceTree = "<group>"; };
		B7A145D50B862F48F237BC69 /* Pods-gv24App.debug.xcconfig */ = {isa = PBXFileReference; includeInIndex = 1; lastKnownFileType = text.xcconfig; name = "Pods-gv24App.debug.xcconfig"; path = "Pods/Target Support Files/Pods-gv24App/Pods-gv24App.debug.xcconfig"; sourceTree = "<group>"; };
		FF86EA0F498E6DD9B5C0B5BF /* Pods-gv24App.release.xcconfig */ = {isa = PBXFileReference; includeInIndex = 1; lastKnownFileType = text.xcconfig; name = "Pods-gv24App.release.xcconfig"; path = "Pods/Target Support Files/Pods-gv24App/Pods-gv24App.release.xcconfig"; sourceTree = "<group>"; };
/* End PBXFileReference section */

/* Begin PBXFrameworksBuildPhase section */
		4E4DD6BC1EB0A0C5001B4936 /* Frameworks */ = {
			isa = PBXFrameworksBuildPhase;
			buildActionMask = 2147483647;
			files = (
				4E3D09251EB32B9E00303AAD /* CoreImage.framework in Frameworks */,
				4E8E8F9F1EB1E9D90030B334 /* IoniconsSwift.framework in Frameworks */,
				71C0FCB96E162AFAC6F40C6E /* Pods_gv24App.framework in Frameworks */,
			);
			runOnlyForDeploymentPostprocessing = 0;
		};
/* End PBXFrameworksBuildPhase section */

/* Begin PBXGroup section */
		03D71CBE1ED7C4B7006E78EF /* JobDetail */ = {
			isa = PBXGroup;
			children = (
				03D71CC11ED7D076006E78EF /* JobAssignedDetailVC.swift */,
				034CE85C1ED7E99F00F90516 /* JobProgressDetailVC.swift */,
				03892FBC1ED834D6009369FD /* JobPostedDetailVC.swift */,
			);
			name = JobDetail;
			sourceTree = "<group>";
		};
		387D039E8EB683F4FCE8D6B8 /* Frameworks */ = {
			isa = PBXGroup;
			children = (
				4E3D09241EB32B9E00303AAD /* CoreImage.framework */,
				4E8E8F9B1EB1E9D90030B334 /* Alamofire.framework */,
				4E8E8F9C1EB1E9D90030B334 /* IoniconsSwift.framework */,
				4E8E8F9D1EB1E9D90030B334 /* SwiftyJSON.framework */,
				4B8412861DBAF8464BF1BB89 /* Pods_gv24App.framework */,
			);
			name = Frameworks;
			sourceTree = "<group>";
		};
		4E3D091E1EB31FB400303AAD /* Views */ = {
			isa = PBXGroup;
			children = (
				4E3D09221EB320BE00303AAD /* Extensions */,
				4E3D09211EB3202700303AAD /* Custom */,
				4E3D09201EB3200400303AAD /* Cells */,
			);
			name = Views;
			path = View;
			sourceTree = "<group>";
		};
		4E3D091F1EB31FDB00303AAD /* Models */ = {
			isa = PBXGroup;
			children = (
				4EBF04B11ED28FFF00F7E08B /* User.swift */,
				4EBF04B31ED2925200F7E08B /* WorkInfo.swift */,
				4EBF04B51ED292F100F7E08B /* Address.swift */,
				4EBF04BB1ED2C5A400F7E08B /* Entity.swift */,
				03C122F91EDBDDAC002C78D9 /* Task.swift */,
			);
			path = Models;
			sourceTree = "<group>";
		};
		4E3D09201EB3200400303AAD /* Cells */ = {
			isa = PBXGroup;
			children = (
				4E41F2211EDC0C14001F3CFE /* Headers */,
				4EA7A8371EBAC8DA00CA7F37 /* BaseCell.swift */,
				4EAA97251ECADE550001FEB6 /* HistoryControlCell */,
				4E54F5931EC9A692007D15D6 /* TaskControll */,
				4E54F5941EC9A6AC007D15D6 /* TaskControlCell.swift */,
				4EA7A83D1EBACF6F00CA7F37 /* MoreUserCell.swift */,
				4EA7A8411EBAD88000CA7F37 /* MoreItemCell.swift */,
				4EE483DB1ED6CB88004BC615 /* SwitchCell.swift */,
			);
			path = Cells;
			sourceTree = "<group>";
		};
		4E3D09211EB3202700303AAD /* Custom */ = {
			isa = PBXGroup;
			children = (
				4ED231811EB9CD5900592842 /* View */,
				4ED231781EB98D4E00592842 /* Buttons */,
			);
			path = Custom;
			sourceTree = "<group>";
		};
		4E3D09221EB320BE00303AAD /* Extensions */ = {
			isa = PBXGroup;
			children = (
				4ED2316C1EB9797B00592842 /* ViewExtensions.swift */,
				4ED231701EB97D4100592842 /* StringExtensions.swift */,
				4ED231721EB9803400592842 /* ImageExtensions.swift */,
			);
			path = Extensions;
			sourceTree = "<group>";
		};
		4E3D09231EB320DD00303AAD /* Helpers */ = {
			isa = PBXGroup;
			children = (
				4EBF04B71ED29D0C00F7E08B /* UserHelpers.swift */,
				0398992B1EDC071A009520E0 /* BlockAlias.swift */,
			);
			path = Helpers;
			sourceTree = "<group>";
		};
		4E41F2211EDC0C14001F3CFE /* Headers */ = {
			isa = PBXGroup;
			children = (
				4EA7A83F1EBAD5D000CA7F37 /* BaseHeaderView.swift */,
				4E41F2221EDC0F7C001F3CFE /* HeaderWithTitle.swift */,
			);
			path = Headers;
			sourceTree = "<group>";
		};
		4E4DD6B61EB0A0C5001B4936 = {
			isa = PBXGroup;
			children = (
				4E4DD6C11EB0A0C5001B4936 /* gv24App */,
				4E4DD6C01EB0A0C5001B4936 /* Products */,
				7C3BF9740AD4227950B5FE9B /* Pods */,
				387D039E8EB683F4FCE8D6B8 /* Frameworks */,
			);
			sourceTree = "<group>";
		};
		4E4DD6C01EB0A0C5001B4936 /* Products */ = {
			isa = PBXGroup;
			children = (
				4E4DD6BF1EB0A0C5001B4936 /* gv24App.app */,
			);
			name = Products;
			sourceTree = "<group>";
		};
		4E4DD6C11EB0A0C5001B4936 /* gv24App */ = {
			isa = PBXGroup;
			children = (
				4E3D09231EB320DD00303AAD /* Helpers */,
				4E3D091F1EB31FDB00303AAD /* Models */,
				4E3D091E1EB31FB400303AAD /* Views */,
				4ECD1D581EB1AFDF007DEF88 /* AppService */,
				4E4DD6D61EB0A71D001B4936 /* Resource */,
				4E4DD6D41EB0A675001B4936 /* Controller */,
				4E4DD6C41EB0A0C5001B4936 /* ViewController.swift */,
				4E4DD6C61EB0A0C5001B4936 /* Main.storyboard */,
				4E4DD6C91EB0A0C5001B4936 /* Assets.xcassets */,
				4E4DD6CB1EB0A0C5001B4936 /* LaunchScreen.storyboard */,
				4E4DD6CE1EB0A0C5001B4936 /* Info.plist */,
				4ECD1D551EB19DE4007DEF88 /* Localizable.strings */,
				03BBE29A1ED83948005B47B0 /* AppDelegate.swift */,
			);
			path = gv24App;
			sourceTree = "<group>";
		};
		4E4DD6D41EB0A675001B4936 /* Controller */ = {
			isa = PBXGroup;
			children = (
				4E61E3D11EC1A2B900E6C8C5 /* Around */,
				4E61E3D01EC1A24F00E6C8C5 /* History */,
				4E61E3CF1EC179DD00E6C8C5 /* Manage */,
				4E61E3CE1EC179B000E6C8C5 /* More */,
				4E61E3CD1EC1798600E6C8C5 /* User */,
				4ED231741EB980D000592842 /* BaseVC.swift */,
				4ED2317D1EB9B15E00592842 /* HomeVC.swift */,
			);
			path = Controller;
			sourceTree = "<group>";
		};
		4E4DD6D61EB0A71D001B4936 /* Resource */ = {
			isa = PBXGroup;
			children = (
				4E4DD6D71EB0A72B001B4936 /* Fonts */,
				4E4DD6E41EB0A838001B4936 /* Icon.swift */,
				4ECD1D391EB18743007DEF88 /* Font.swift */,
				4ECD1D471EB1986C007DEF88 /* LanguageManager.swift */,
				4ED2316E1EB979AF00592842 /* Colors.swift */,
			);
			path = Resource;
			sourceTree = "<group>";
		};
		4E4DD6D71EB0A72B001B4936 /* Fonts */ = {
			isa = PBXGroup;
			children = (
				4E4DD6D81EB0A76B001B4936 /* SFUIText-Bold.ttf */,
				4E4DD6D91EB0A76B001B4936 /* SFUIText-BoldItalic.ttf */,
				4E4DD6DA1EB0A76B001B4936 /* SFUIText-Heavy.ttf */,
				4E4DD6DB1EB0A76B001B4936 /* SFUIText-HeavyItalic.ttf */,
				4E4DD6DC1EB0A76B001B4936 /* SFUIText-Light.ttf */,
				4E4DD6DD1EB0A76B001B4936 /* SFUIText-LightItalic.ttf */,
				4E4DD6DE1EB0A76B001B4936 /* SFUIText-Medium.ttf */,
				4E4DD6DF1EB0A76B001B4936 /* SFUIText-MediumItalic.ttf */,
				4E4DD6E01EB0A76B001B4936 /* SFUIText-Regular.ttf */,
				4E4DD6E11EB0A76B001B4936 /* SFUIText-RegularItalic.ttf */,
				4E4DD6E21EB0A76B001B4936 /* SFUIText-Semibold.ttf */,
				4E4DD6E31EB0A76B001B4936 /* SFUIText-SemiboldItalic.ttf */,
			);
			path = Fonts;
			sourceTree = "<group>";
		};
		4E54F5931EC9A692007D15D6 /* TaskControll */ = {
			isa = PBXGroup;
			children = (
				4E54F58F1EC9811B007D15D6 /* TaskCell.swift */,
				4E54F5961EC9A6EE007D15D6 /* TaskNewCell.swift */,
				4E54F5981EC9A723007D15D6 /* TaskNewControlCell.swift */,
				4E54F59A1EC9A751007D15D6 /* TaskAssignedControlCell.swift */,
				4E54F59C1EC9A832007D15D6 /* TaskInProgressControlCell.swift */,
			);
			path = TaskControll;
			sourceTree = "<group>";
		};
		4E61E3CD1EC1798600E6C8C5 /* User */ = {
			isa = PBXGroup;
			children = (
				4E61E3DF1EC1A33800E6C8C5 /* MaidProfileVC.swift */,
				4E61E3D61EC1A31C00E6C8C5 /* ForgotPassVC.swift */,
				4E61E3D71EC1A31C00E6C8C5 /* SignInVC.swift */,
				4E61E3D81EC1A31C00E6C8C5 /* SignUpVC_1.swift */,
				4E61E3D91EC1A31C00E6C8C5 /* SignUpVC_2.swift */,
				4EE483DD1ED6DF10004BC615 /* ProfileVC.swift */,
				03BBE29C1ED83975005B47B0 /* SignUpVC_3.swift */,
			);
			path = User;
			sourceTree = "<group>";
		};
		4E61E3CE1EC179B000E6C8C5 /* More */ = {
			isa = PBXGroup;
			children = (
				4E61E3D41EC1A30B00E6C8C5 /* MoreVC.swift */,
				4E1A75061EC56D2000B80CD0 /* LanguageVC.swift */,
				4EE483DF1ED6E94D004BC615 /* GeneralStatisticVC.swift */,
				4E4E358A1ED7D42C00D13EF5 /* AboutUsVC.swift */,
				4E4E358C1ED7E02100D13EF5 /* TermsVC.swift */,
				4E4E358E1ED7E0C800D13EF5 /* ContactVC.swift */,
			);
			path = More;
			sourceTree = "<group>";
		};
		4E61E3CF1EC179DD00E6C8C5 /* Manage */ = {
			isa = PBXGroup;
			children = (
				03D71CBE1ED7C4B7006E78EF /* JobDetail */,
				4E54F58D1EC95C7A007D15D6 /* TaskManagementVC.swift */,
				4E54F59E1EC9B173007D15D6 /* PostVC.swift */,
			);
			name = Manage;
			path = Manager;
			sourceTree = "<group>";
		};
		4E61E3D01EC1A24F00E6C8C5 /* History */ = {
			isa = PBXGroup;
			children = (
				4EAA97231ECAD99E0001FEB6 /* HistoryVC.swift */,
			);
			path = History;
			sourceTree = "<group>";
		};
		4E61E3D11EC1A2B900E6C8C5 /* Around */ = {
			isa = PBXGroup;
			children = (
				4E61E3DE1EC1A33800E6C8C5 /* MaidAroundVC.swift */,
				4EDDB4671ECED8A900AFFD1A /* FilterVC.swift */,
			);
			path = Around;
			sourceTree = "<group>";
		};
		4EAA97251ECADE550001FEB6 /* HistoryControlCell */ = {
			isa = PBXGroup;
			children = (
				4EAA97261ECADED80001FEB6 /* MaidControlCell.swift */,
				4EAA97281ECADEF90001FEB6 /* TaskHistoryControlCell.swift */,
			);
			path = HistoryControlCell;
			sourceTree = "<group>";
		};
		4ECD1D581EB1AFDF007DEF88 /* AppService */ = {
			isa = PBXGroup;
			children = (
				4ECD1D591EB1AFF4007DEF88 /* ApiService.swift */,
				4EBF04B91ED2BB7500F7E08B /* UserService.swift */,
				039899291EDC0686009520E0 /* TaskManageService.swift */,
			);
			path = AppService;
			sourceTree = "<group>";
		};
		4ED231781EB98D4E00592842 /* Buttons */ = {
			isa = PBXGroup;
			children = (
				4ED231791EB98D6300592842 /* NavigationButton.swift */,
				4ED2317B1EB98FAC00592842 /* BaseButton.swift */,
				4ED2317F1EB9BF8F00592842 /* HomeFunctButton.swift */,
				4EA7A8431EBB1E6600CA7F37 /* BasicButton.swift */,
				033D169F1ED41D8300EAD7CE /* IconTextButton.swift */,
				033D16A11ED43AB800EAD7CE /* ApplicantListButton.swift */,
				03D71CBF1ED7C83D006E78EF /* ProfileUserButton.swift */,
			);
			path = Buttons;
			sourceTree = "<group>";
		};
		4ED231811EB9CD5900592842 /* View */ = {
			isa = PBXGroup;
			children = (
				4ED231821EB9CEFD00592842 /* HomeBottomView.swift */,
				4E87A54B1EBB64F100EDA0D1 /* IconView.swift */,
				4E5B162D1ECD943A00A5FC23 /* MarkerInfoWindow.swift */,
				033D16A31ED4414500EAD7CE /* DescTaskView.swift */,
				03D96E271ED68B0300770663 /* DescInfoView.swift */,
				03D96E2B1ED6DF3A00770663 /* DateTimeView.swift */,
			);
			path = View;
			sourceTree = "<group>";
		};
		7C3BF9740AD4227950B5FE9B /* Pods */ = {
			isa = PBXGroup;
			children = (
				B7A145D50B862F48F237BC69 /* Pods-gv24App.debug.xcconfig */,
				FF86EA0F498E6DD9B5C0B5BF /* Pods-gv24App.release.xcconfig */,
			);
			name = Pods;
			sourceTree = "<group>";
		};
/* End PBXGroup section */

/* Begin PBXNativeTarget section */
		4E4DD6BE1EB0A0C5001B4936 /* gv24App */ = {
			isa = PBXNativeTarget;
			buildConfigurationList = 4E4DD6D11EB0A0C5001B4936 /* Build configuration list for PBXNativeTarget "gv24App" */;
			buildPhases = (
				A18457A1BB1E4545E4367F30 /* [CP] Check Pods Manifest.lock */,
				4E4DD6BB1EB0A0C5001B4936 /* Sources */,
				4E4DD6BC1EB0A0C5001B4936 /* Frameworks */,
				4E4DD6BD1EB0A0C5001B4936 /* Resources */,
				D64D17DF4279303A40A72015 /* [CP] Embed Pods Frameworks */,
				4BFBB7D37B41A7795618C4F8 /* [CP] Copy Pods Resources */,
			);
			buildRules = (
			);
			dependencies = (
			);
			name = gv24App;
			productName = gv24App;
			productReference = 4E4DD6BF1EB0A0C5001B4936 /* gv24App.app */;
			productType = "com.apple.product-type.application";
		};
/* End PBXNativeTarget section */

/* Begin PBXProject section */
		4E4DD6B71EB0A0C5001B4936 /* Project object */ = {
			isa = PBXProject;
			attributes = {
				LastSwiftUpdateCheck = 0830;
				LastUpgradeCheck = 0830;
				ORGANIZATIONNAME = HBBs;
				TargetAttributes = {
					4E4DD6BE1EB0A0C5001B4936 = {
						CreatedOnToolsVersion = 8.3.2;
						DevelopmentTeam = 7R93MWJ8VY;
						ProvisioningStyle = Automatic;
					};
				};
			};
			buildConfigurationList = 4E4DD6BA1EB0A0C5001B4936 /* Build configuration list for PBXProject "gv24App" */;
			compatibilityVersion = "Xcode 3.2";
			developmentRegion = Vi;
			hasScannedForEncodings = 0;
			knownRegions = (
				vi,
				Base,
				en,
			);
			mainGroup = 4E4DD6B61EB0A0C5001B4936;
			productRefGroup = 4E4DD6C01EB0A0C5001B4936 /* Products */;
			projectDirPath = "";
			projectRoot = "";
			targets = (
				4E4DD6BE1EB0A0C5001B4936 /* gv24App */,
			);
		};
/* End PBXProject section */

/* Begin PBXResourcesBuildPhase section */
		4E4DD6BD1EB0A0C5001B4936 /* Resources */ = {
			isa = PBXResourcesBuildPhase;
			buildActionMask = 2147483647;
			files = (
				4ECD1D3B1EB19314007DEF88 /* SFUIText-Bold.ttf in Resources */,
				4ECD1D3C1EB19314007DEF88 /* SFUIText-BoldItalic.ttf in Resources */,
				4ECD1D3D1EB19314007DEF88 /* SFUIText-Heavy.ttf in Resources */,
				4ECD1D3E1EB19314007DEF88 /* SFUIText-HeavyItalic.ttf in Resources */,
				4ECD1D3F1EB19314007DEF88 /* SFUIText-Light.ttf in Resources */,
				4ECD1D401EB19314007DEF88 /* SFUIText-LightItalic.ttf in Resources */,
				4ECD1D411EB19314007DEF88 /* SFUIText-Medium.ttf in Resources */,
				4ECD1D421EB19314007DEF88 /* SFUIText-MediumItalic.ttf in Resources */,
				4ECD1D431EB19314007DEF88 /* SFUIText-Regular.ttf in Resources */,
				4ECD1D441EB19314007DEF88 /* SFUIText-RegularItalic.ttf in Resources */,
				4ECD1D451EB19314007DEF88 /* SFUIText-Semibold.ttf in Resources */,
				4ECD1D461EB19314007DEF88 /* SFUIText-SemiboldItalic.ttf in Resources */,
				4E4DD6CD1EB0A0C5001B4936 /* LaunchScreen.storyboard in Resources */,
				4ECD1D531EB19DE4007DEF88 /* Localizable.strings in Resources */,
				4E4DD6CA1EB0A0C5001B4936 /* Assets.xcassets in Resources */,
				4E4DD6C81EB0A0C5001B4936 /* Main.storyboard in Resources */,
			);
			runOnlyForDeploymentPostprocessing = 0;
		};
/* End PBXResourcesBuildPhase section */

/* Begin PBXShellScriptBuildPhase section */
		4BFBB7D37B41A7795618C4F8 /* [CP] Copy Pods Resources */ = {
			isa = PBXShellScriptBuildPhase;
			buildActionMask = 2147483647;
			files = (
			);
			inputPaths = (
			);
			name = "[CP] Copy Pods Resources";
			outputPaths = (
			);
			runOnlyForDeploymentPostprocessing = 0;
			shellPath = /bin/sh;
			shellScript = "\"${SRCROOT}/Pods/Target Support Files/Pods-gv24App/Pods-gv24App-resources.sh\"\n";
			showEnvVarsInLog = 0;
		};
		A18457A1BB1E4545E4367F30 /* [CP] Check Pods Manifest.lock */ = {
			isa = PBXShellScriptBuildPhase;
			buildActionMask = 2147483647;
			files = (
			);
			inputPaths = (
			);
			name = "[CP] Check Pods Manifest.lock";
			outputPaths = (
			);
			runOnlyForDeploymentPostprocessing = 0;
			shellPath = /bin/sh;
			shellScript = "diff \"${PODS_ROOT}/../Podfile.lock\" \"${PODS_ROOT}/Manifest.lock\" > /dev/null\nif [ $? != 0 ] ; then\n    # print error to STDERR\n    echo \"error: The sandbox is not in sync with the Podfile.lock. Run 'pod install' or update your CocoaPods installation.\" >&2\n    exit 1\nfi\n";
			showEnvVarsInLog = 0;
		};
		D64D17DF4279303A40A72015 /* [CP] Embed Pods Frameworks */ = {
			isa = PBXShellScriptBuildPhase;
			buildActionMask = 2147483647;
			files = (
			);
			inputPaths = (
			);
			name = "[CP] Embed Pods Frameworks";
			outputPaths = (
			);
			runOnlyForDeploymentPostprocessing = 0;
			shellPath = /bin/sh;
			shellScript = "\"${SRCROOT}/Pods/Target Support Files/Pods-gv24App/Pods-gv24App-frameworks.sh\"\n";
			showEnvVarsInLog = 0;
		};
/* End PBXShellScriptBuildPhase section */

/* Begin PBXSourcesBuildPhase section */
		4E4DD6BB1EB0A0C5001B4936 /* Sources */ = {
			isa = PBXSourcesBuildPhase;
			buildActionMask = 2147483647;
			files = (
				4E61E3DD1EC1A31C00E6C8C5 /* SignUpVC_2.swift in Sources */,
				4ED231831EB9CEFD00592842 /* HomeBottomView.swift in Sources */,
				4EBF04B21ED28FFF00F7E08B /* User.swift in Sources */,
				4EDDB4681ECED8A900AFFD1A /* FilterVC.swift in Sources */,
				4EBF04B81ED29D0C00F7E08B /* UserHelpers.swift in Sources */,
				4EE483DE1ED6DF10004BC615 /* ProfileVC.swift in Sources */,
				4ECD1D3A1EB18743007DEF88 /* Font.swift in Sources */,
				4ED231751EB980D000592842 /* BaseVC.swift in Sources */,
				4EA7A8381EBAC8DA00CA7F37 /* BaseCell.swift in Sources */,
				4ED2316F1EB979AF00592842 /* Colors.swift in Sources */,
				03D96E2C1ED6DF3A00770663 /* DateTimeView.swift in Sources */,
				4EAA97271ECADED80001FEB6 /* MaidControlCell.swift in Sources */,
				03BBE29B1ED83948005B47B0 /* AppDelegate.swift in Sources */,
				034CE85D1ED7E99F00F90516 /* JobProgressDetailVC.swift in Sources */,
				4ED2316D1EB9797B00592842 /* ViewExtensions.swift in Sources */,
				4E4E358D1ED7E02100D13EF5 /* TermsVC.swift in Sources */,
				4ED231801EB9BF8F00592842 /* HomeFunctButton.swift in Sources */,
				4E54F59D1EC9A832007D15D6 /* TaskInProgressControlCell.swift in Sources */,
				4E4E358F1ED7E0C800D13EF5 /* ContactVC.swift in Sources */,
				03C122FA1EDBDDAC002C78D9 /* Task.swift in Sources */,
				4E1A75071EC56D2000B80CD0 /* LanguageVC.swift in Sources */,
				4E61E3DC1EC1A31C00E6C8C5 /* SignUpVC_1.swift in Sources */,
				4E54F5991EC9A723007D15D6 /* TaskNewControlCell.swift in Sources */,
				4ED231711EB97D4100592842 /* StringExtensions.swift in Sources */,
				4ED2317E1EB9B15E00592842 /* HomeVC.swift in Sources */,
				4E5B162E1ECD943A00A5FC23 /* MarkerInfoWindow.swift in Sources */,
				4EAA97291ECADEF90001FEB6 /* TaskHistoryControlCell.swift in Sources */,
				03BBE29D1ED83975005B47B0 /* SignUpVC_3.swift in Sources */,
				4E54F59F1EC9B173007D15D6 /* PostVC.swift in Sources */,
				4E54F59B1EC9A751007D15D6 /* TaskAssignedControlCell.swift in Sources */,
				03D96E281ED68B0300770663 /* DescInfoView.swift in Sources */,
				4EBF04BA1ED2BB7500F7E08B /* UserService.swift in Sources */,
				4EAA97241ECAD99E0001FEB6 /* HistoryVC.swift in Sources */,
				0398992A1EDC0686009520E0 /* TaskManageService.swift in Sources */,
				03892FBD1ED834D6009369FD /* JobPostedDetailVC.swift in Sources */,
				4EA7A8421EBAD88000CA7F37 /* MoreItemCell.swift in Sources */,
				4E61E3E01EC1A33800E6C8C5 /* MaidAroundVC.swift in Sources */,
				4ECD1D5A1EB1AFF4007DEF88 /* ApiService.swift in Sources */,
				0398992C1EDC071A009520E0 /* BlockAlias.swift in Sources */,
				4E87A54C1EBB64F100EDA0D1 /* IconView.swift in Sources */,
				4ED231731EB9803400592842 /* ImageExtensions.swift in Sources */,
				4E54F5901EC9811B007D15D6 /* TaskCell.swift in Sources */,
				4E61E3D51EC1A30B00E6C8C5 /* MoreVC.swift in Sources */,
				4EA7A8401EBAD5D000CA7F37 /* BaseHeaderView.swift in Sources */,
				03D71CC21ED7D076006E78EF /* JobAssignedDetailVC.swift in Sources */,
				4E4DD6E51EB0A838001B4936 /* Icon.swift in Sources */,
				4E61E3DB1EC1A31C00E6C8C5 /* SignInVC.swift in Sources */,
				4EBF04B61ED292F100F7E08B /* Address.swift in Sources */,
				4E54F5951EC9A6AC007D15D6 /* TaskControlCell.swift in Sources */,
				4EA7A8441EBB1E6600CA7F37 /* BasicButton.swift in Sources */,
				4E4DD6C51EB0A0C5001B4936 /* ViewController.swift in Sources */,
				4E54F58E1EC95C7A007D15D6 /* TaskManagementVC.swift in Sources */,
				4E41F2231EDC0F7C001F3CFE /* HeaderWithTitle.swift in Sources */,
				4ED2317C1EB98FAC00592842 /* BaseButton.swift in Sources */,
				4EBF04BC1ED2C5A400F7E08B /* Entity.swift in Sources */,
				4E61E3DA1EC1A31C00E6C8C5 /* ForgotPassVC.swift in Sources */,
				033D16A41ED4414500EAD7CE /* DescTaskView.swift in Sources */,
				033D16A01ED41D8300EAD7CE /* IconTextButton.swift in Sources */,
				4EBF04B41ED2925200F7E08B /* WorkInfo.swift in Sources */,
				4EE483E01ED6E94D004BC615 /* GeneralStatisticVC.swift in Sources */,
				4ECD1D481EB1986C007DEF88 /* LanguageManager.swift in Sources */,
				4E54F5971EC9A6EE007D15D6 /* TaskNewCell.swift in Sources */,
				4E61E3E11EC1A33800E6C8C5 /* MaidProfileVC.swift in Sources */,
				4EE483DC1ED6CB88004BC615 /* SwitchCell.swift in Sources */,
				4ED2317A1EB98D6300592842 /* NavigationButton.swift in Sources */,
				03D71CC01ED7C83D006E78EF /* ProfileUserButton.swift in Sources */,
				033D16A21ED43AB800EAD7CE /* ApplicantListButton.swift in Sources */,
				4EA7A83E1EBACF6F00CA7F37 /* MoreUserCell.swift in Sources */,
				4E4E358B1ED7D42C00D13EF5 /* AboutUsVC.swift in Sources */,
			);
			runOnlyForDeploymentPostprocessing = 0;
		};
/* End PBXSourcesBuildPhase section */

/* Begin PBXVariantGroup section */
		4E4DD6C61EB0A0C5001B4936 /* Main.storyboard */ = {
			isa = PBXVariantGroup;
			children = (
				4E4DD6C71EB0A0C5001B4936 /* Base */,
				4ECD1D491EB19AC4007DEF88 /* vi */,
			);
			name = Main.storyboard;
			sourceTree = "<group>";
		};
		4E4DD6CB1EB0A0C5001B4936 /* LaunchScreen.storyboard */ = {
			isa = PBXVariantGroup;
			children = (
				4E4DD6CC1EB0A0C5001B4936 /* Base */,
				4ECD1D4A1EB19AC4007DEF88 /* vi */,
			);
			name = LaunchScreen.storyboard;
			sourceTree = "<group>";
		};
		4ECD1D551EB19DE4007DEF88 /* Localizable.strings */ = {
			isa = PBXVariantGroup;
			children = (
				4ECD1D541EB19DE4007DEF88 /* Base */,
				4ECD1D561EB19DE6007DEF88 /* en */,
				4ECD1D571EB19DE8007DEF88 /* vi */,
			);
			name = Localizable.strings;
			sourceTree = "<group>";
		};
/* End PBXVariantGroup section */

/* Begin XCBuildConfiguration section */
		4E4DD6CF1EB0A0C5001B4936 /* Debug */ = {
			isa = XCBuildConfiguration;
			buildSettings = {
				ALWAYS_SEARCH_USER_PATHS = NO;
				CLANG_ANALYZER_LOCALIZABILITY_NONLOCALIZED = YES;
				CLANG_ANALYZER_NONNULL = YES;
				CLANG_ANALYZER_NUMBER_OBJECT_CONVERSION = YES_AGGRESSIVE;
				CLANG_CXX_LANGUAGE_STANDARD = "gnu++0x";
				CLANG_CXX_LIBRARY = "libc++";
				CLANG_ENABLE_MODULES = YES;
				CLANG_ENABLE_OBJC_ARC = YES;
				CLANG_WARN_BOOL_CONVERSION = YES;
				CLANG_WARN_CONSTANT_CONVERSION = YES;
				CLANG_WARN_DIRECT_OBJC_ISA_USAGE = YES_ERROR;
				CLANG_WARN_DOCUMENTATION_COMMENTS = YES;
				CLANG_WARN_EMPTY_BODY = YES;
				CLANG_WARN_ENUM_CONVERSION = YES;
				CLANG_WARN_INFINITE_RECURSION = YES;
				CLANG_WARN_INT_CONVERSION = YES;
				CLANG_WARN_OBJC_ROOT_CLASS = YES_ERROR;
				CLANG_WARN_SUSPICIOUS_MOVE = YES;
				CLANG_WARN_UNREACHABLE_CODE = YES;
				CLANG_WARN__DUPLICATE_METHOD_MATCH = YES;
				"CODE_SIGN_IDENTITY[sdk=iphoneos*]" = "iPhone Developer";
				COPY_PHASE_STRIP = NO;
				DEBUG_INFORMATION_FORMAT = dwarf;
				ENABLE_STRICT_OBJC_MSGSEND = YES;
				ENABLE_TESTABILITY = YES;
				GCC_C_LANGUAGE_STANDARD = gnu99;
				GCC_DYNAMIC_NO_PIC = NO;
				GCC_NO_COMMON_BLOCKS = YES;
				GCC_OPTIMIZATION_LEVEL = 0;
				GCC_PREPROCESSOR_DEFINITIONS = (
					"DEBUG=1",
					"$(inherited)",
				);
				GCC_WARN_64_TO_32_BIT_CONVERSION = YES;
				GCC_WARN_ABOUT_RETURN_TYPE = YES_ERROR;
				GCC_WARN_UNDECLARED_SELECTOR = YES;
				GCC_WARN_UNINITIALIZED_AUTOS = YES_AGGRESSIVE;
				GCC_WARN_UNUSED_FUNCTION = YES;
				GCC_WARN_UNUSED_VARIABLE = YES;
				IPHONEOS_DEPLOYMENT_TARGET = 9.0;
				MTL_ENABLE_DEBUG_INFO = YES;
				ONLY_ACTIVE_ARCH = YES;
				SDKROOT = iphoneos;
				SWIFT_ACTIVE_COMPILATION_CONDITIONS = DEBUG;
				SWIFT_OPTIMIZATION_LEVEL = "-Onone";
				TARGETED_DEVICE_FAMILY = "1,2";
			};
			name = Debug;
		};
		4E4DD6D01EB0A0C5001B4936 /* Release */ = {
			isa = XCBuildConfiguration;
			buildSettings = {
				ALWAYS_SEARCH_USER_PATHS = NO;
				CLANG_ANALYZER_LOCALIZABILITY_NONLOCALIZED = YES;
				CLANG_ANALYZER_NONNULL = YES;
				CLANG_ANALYZER_NUMBER_OBJECT_CONVERSION = YES_AGGRESSIVE;
				CLANG_CXX_LANGUAGE_STANDARD = "gnu++0x";
				CLANG_CXX_LIBRARY = "libc++";
				CLANG_ENABLE_MODULES = YES;
				CLANG_ENABLE_OBJC_ARC = YES;
				CLANG_WARN_BOOL_CONVERSION = YES;
				CLANG_WARN_CONSTANT_CONVERSION = YES;
				CLANG_WARN_DIRECT_OBJC_ISA_USAGE = YES_ERROR;
				CLANG_WARN_DOCUMENTATION_COMMENTS = YES;
				CLANG_WARN_EMPTY_BODY = YES;
				CLANG_WARN_ENUM_CONVERSION = YES;
				CLANG_WARN_INFINITE_RECURSION = YES;
				CLANG_WARN_INT_CONVERSION = YES;
				CLANG_WARN_OBJC_ROOT_CLASS = YES_ERROR;
				CLANG_WARN_SUSPICIOUS_MOVE = YES;
				CLANG_WARN_UNREACHABLE_CODE = YES;
				CLANG_WARN__DUPLICATE_METHOD_MATCH = YES;
				"CODE_SIGN_IDENTITY[sdk=iphoneos*]" = "iPhone Developer";
				COPY_PHASE_STRIP = NO;
				DEBUG_INFORMATION_FORMAT = "dwarf-with-dsym";
				ENABLE_NS_ASSERTIONS = NO;
				ENABLE_STRICT_OBJC_MSGSEND = YES;
				GCC_C_LANGUAGE_STANDARD = gnu99;
				GCC_NO_COMMON_BLOCKS = YES;
				GCC_WARN_64_TO_32_BIT_CONVERSION = YES;
				GCC_WARN_ABOUT_RETURN_TYPE = YES_ERROR;
				GCC_WARN_UNDECLARED_SELECTOR = YES;
				GCC_WARN_UNINITIALIZED_AUTOS = YES_AGGRESSIVE;
				GCC_WARN_UNUSED_FUNCTION = YES;
				GCC_WARN_UNUSED_VARIABLE = YES;
				IPHONEOS_DEPLOYMENT_TARGET = 9.0;
				MTL_ENABLE_DEBUG_INFO = NO;
				SDKROOT = iphoneos;
				SWIFT_OPTIMIZATION_LEVEL = "-Owholemodule";
				TARGETED_DEVICE_FAMILY = "1,2";
				VALIDATE_PRODUCT = YES;
			};
			name = Release;
		};
		4E4DD6D21EB0A0C5001B4936 /* Debug */ = {
			isa = XCBuildConfiguration;
			baseConfigurationReference = B7A145D50B862F48F237BC69 /* Pods-gv24App.debug.xcconfig */;
			buildSettings = {
				ALWAYS_EMBED_SWIFT_STANDARD_LIBRARIES = YES;
				ASSETCATALOG_COMPILER_APPICON_NAME = AppIcon;
				"CODE_SIGN_IDENTITY[sdk=iphoneos*]" = "iPhone Developer";
				DEVELOPMENT_TEAM = 7R93MWJ8VY;
				INFOPLIST_FILE = gv24App/Info.plist;
				IPHONEOS_DEPLOYMENT_TARGET = 10.3;
				LD_RUNPATH_SEARCH_PATHS = "$(inherited) @executable_path/Frameworks";
				PRODUCT_BUNDLE_IDENTIFIER = com.HBBs.gv24App;
				PRODUCT_NAME = "$(TARGET_NAME)";
				PROVISIONING_PROFILE_SPECIFIER = "";
				SWIFT_VERSION = 3.0;
			};
			name = Debug;
		};
		4E4DD6D31EB0A0C5001B4936 /* Release */ = {
			isa = XCBuildConfiguration;
			baseConfigurationReference = FF86EA0F498E6DD9B5C0B5BF /* Pods-gv24App.release.xcconfig */;
			buildSettings = {
				ALWAYS_EMBED_SWIFT_STANDARD_LIBRARIES = YES;
				ASSETCATALOG_COMPILER_APPICON_NAME = AppIcon;
				"CODE_SIGN_IDENTITY[sdk=iphoneos*]" = "iPhone Developer";
				DEVELOPMENT_TEAM = 7R93MWJ8VY;
				INFOPLIST_FILE = gv24App/Info.plist;
				IPHONEOS_DEPLOYMENT_TARGET = 10.3;
				LD_RUNPATH_SEARCH_PATHS = "$(inherited) @executable_path/Frameworks";
				PRODUCT_BUNDLE_IDENTIFIER = com.HBBs.gv24App;
				PRODUCT_NAME = "$(TARGET_NAME)";
				PROVISIONING_PROFILE_SPECIFIER = "";
				SWIFT_VERSION = 3.0;
			};
			name = Release;
		};
/* End XCBuildConfiguration section */

/* Begin XCConfigurationList section */
		4E4DD6BA1EB0A0C5001B4936 /* Build configuration list for PBXProject "gv24App" */ = {
			isa = XCConfigurationList;
			buildConfigurations = (
				4E4DD6CF1EB0A0C5001B4936 /* Debug */,
				4E4DD6D01EB0A0C5001B4936 /* Release */,
			);
			defaultConfigurationIsVisible = 0;
			defaultConfigurationName = Release;
		};
		4E4DD6D11EB0A0C5001B4936 /* Build configuration list for PBXNativeTarget "gv24App" */ = {
			isa = XCConfigurationList;
			buildConfigurations = (
				4E4DD6D21EB0A0C5001B4936 /* Debug */,
				4E4DD6D31EB0A0C5001B4936 /* Release */,
			);
			defaultConfigurationIsVisible = 0;
			defaultConfigurationName = Release;
		};
/* End XCConfigurationList section */
	};
	rootObject = 4E4DD6B71EB0A0C5001B4936 /* Project object */;
}
